
Microsoft Visual Studio Solution File, Format Version 12.00
# Visual Studio Version 17
VisualStudioVersion = 17.7.34031.279
MinimumVisualStudioVersion = 10.0.40219.1
Project("{FAE04EC0-301F-11D3-BF4B-00C04F79EFBC}") = "TestAutoItApp", "TestAutoItApp.csproj", "{6DF5D7C8-5345-41FD-BBB6-050F42539CEB}"
EndProject
Global
	GlobalSection(SolutionConfigurationPlatforms) = preSolution
		Debug|Any CPU = Debug|Any CPU
		Release|Any CPU = Release|Any CPU
	EndGlobalSection
	GlobalSection(ProjectConfigurationPlatforms) = postSolution
		{6DF5D7C8-5345-41FD-BBB6-050F42539CEB}.Debug|Any CPU.ActiveCfg = Debug|Any CPU
		{6DF5D7C8-5345-41FD-BBB6-050F42539CEB}.Debug|Any CPU.Build.0 = Debug|Any CPU
		{6DF5D7C8-5345-41FD-BBB6-050F42539CEB}.Release|Any CPU.ActiveCfg = Release|Any CPU
		{6DF5D7C8-5345-41FD-BBB6-050F42539CEB}.Release|Any CPU.Build.0 = Release|Any CPU
	EndGlobalSection
	GlobalSection(SolutionProperties) = preSolution
		HideSolutionNode = FALSE
	EndGlobalSection
	GlobalSection(ExtensibilityGlobals) = postSolution
		SolutionGuid = {4F6E7EAA-B3AD-468F-AFAD-95776B526C22}
	EndGlobalSection
EndGlobal
